
Microsoft Visual Studio Solution File, Format Version 12.00
# Visual Studio Version 16
VisualStudioVersion = 16.0.30702.113
MinimumVisualStudioVersion = 10.0.40219.1
Project("{FAE04EC0-301F-11D3-BF4B-00C04F79EFBC}") = "VisibilityConditions", "VisibilityConditions\VisibilityConditions.csproj", "{FB3C489E-1AD2-4FE4-9805-81028BD2D0B4}"
EndProject
Project("{FAE04EC0-301F-11D3-BF4B-00C04F79EFBC}") = "VisibilityConditions.Test", "VisibilityConditions.Test\VisibilityConditions.Test.csproj", "{4E31E893-C406-478F-9169-96175573A351}"
EndProject
Global
	GlobalSection(SolutionConfigurationPlatforms) = preSolution
		Debug|Any CPU = Debug|Any CPU
		Release|Any CPU = Release|Any CPU
	EndGlobalSection
	GlobalSection(ProjectConfigurationPlatforms) = postSolution
		{FB3C489E-1AD2-4FE4-9805-81028BD2D0B4}.Debug|Any CPU.ActiveCfg = Debug|Any CPU
		{FB3C489E-1AD2-4FE4-9805-81028BD2D0B4}.Debug|Any CPU.Build.0 = Debug|Any CPU
		{FB3C489E-1AD2-4FE4-9805-81028BD2D0B4}.Release|Any CPU.ActiveCfg = Release|Any CPU
		{FB3C489E-1AD2-4FE4-9805-81028BD2D0B4}.Release|Any CPU.Build.0 = Release|Any CPU
		{4E31E893-C406-478F-9169-96175573A351}.Debug|Any CPU.ActiveCfg = Debug|Any CPU
		{4E31E893-C406-478F-9169-96175573A351}.Debug|Any CPU.Build.0 = Debug|Any CPU
		{4E31E893-C406-478F-9169-96175573A351}.Release|Any CPU.ActiveCfg = Release|Any CPU
		{4E31E893-C406-478F-9169-96175573A351}.Release|Any CPU.Build.0 = Release|Any CPU
	EndGlobalSection
	GlobalSection(SolutionProperties) = preSolution
		HideSolutionNode = FALSE
	EndGlobalSection
	GlobalSection(ExtensibilityGlobals) = postSolution
		SolutionGuid = {E56D2392-EA98-4479-8834-C065ABD49894}
	EndGlobalSection
EndGlobal
